
Microsoft Visual Studio Solution File, Format Version 12.00
# Visual Studio Version 17
VisualStudioVersion = 17.10.35122.118
MinimumVisualStudioVersion = 10.0.40219.1
Project("{FAE04EC0-301F-11D3-BF4B-00C04F79EFBC}") = "az-WebApplication-vs", "az-WebApplication-vs.csproj", "{A7F3E45D-7AFA-4C42-8F85-91602E5D2713}"
EndProject
Global
	GlobalSection(SolutionConfigurationPlatforms) = preSolution
		Debug|Any CPU = Debug|Any CPU
		Release|Any CPU = Release|Any CPU
	EndGlobalSection
	GlobalSection(ProjectConfigurationPlatforms) = postSolution
		{A7F3E45D-7AFA-4C42-8F85-91602E5D2713}.Debug|Any CPU.ActiveCfg = Debug|Any CPU
		{A7F3E45D-7AFA-4C42-8F85-91602E5D2713}.Debug|Any CPU.Build.0 = Debug|Any CPU
		{A7F3E45D-7AFA-4C42-8F85-91602E5D2713}.Release|Any CPU.ActiveCfg = Release|Any CPU
		{A7F3E45D-7AFA-4C42-8F85-91602E5D2713}.Release|Any CPU.Build.0 = Release|Any CPU
	EndGlobalSection
	GlobalSection(SolutionProperties) = preSolution
		HideSolutionNode = FALSE
	EndGlobalSection
	GlobalSection(ExtensibilityGlobals) = postSolution
		SolutionGuid = {152C365A-3902-499E-ABF8-549C0D23B614}
	EndGlobalSection
EndGlobal
